
Microsoft Visual Studio Solution File, Format Version 12.00
# Visual Studio 2013
Project("{FAE04EC0-301F-11D3-BF4B-00C04F79EFBC}") = "UnityVS.JumpyMonster.CSharp", "UnityVS.JumpyMonster.CSharp.csproj", "{19E00924-B5CB-365C-4EA3-846D0A5C7265}"
EndProject
Project("{FAE04EC0-301F-11D3-BF4B-00C04F79EFBC}") = "UnityVS.JumpyMonster.CSharp.Plugins", "UnityVS.JumpyMonster.CSharp.Plugins.csproj", "{7A891D97-C311-2330-E18A-A652A18EC9AA}"
EndProject
Global
	GlobalSection(SolutionConfigurationPlatforms) = preSolution
		Debug|Any CPU = Debug|Any CPU
		Release|Any CPU = Release|Any CPU
	EndGlobalSection
	GlobalSection(ProjectConfigurationPlatforms) = postSolution
		{19E00924-B5CB-365C-4EA3-846D0A5C7265}.Debug|Any CPU.ActiveCfg = Debug|Any CPU
		{19E00924-B5CB-365C-4EA3-846D0A5C7265}.Debug|Any CPU.Build.0 = Debug|Any CPU
		{19E00924-B5CB-365C-4EA3-846D0A5C7265}.Release|Any CPU.ActiveCfg = Release|Any CPU
		{19E00924-B5CB-365C-4EA3-846D0A5C7265}.Release|Any CPU.Build.0 = Release|Any CPU
		{7A891D97-C311-2330-E18A-A652A18EC9AA}.Debug|Any CPU.ActiveCfg = Debug|Any CPU
		{7A891D97-C311-2330-E18A-A652A18EC9AA}.Debug|Any CPU.Build.0 = Debug|Any CPU
		{7A891D97-C311-2330-E18A-A652A18EC9AA}.Release|Any CPU.ActiveCfg = Release|Any CPU
		{7A891D97-C311-2330-E18A-A652A18EC9AA}.Release|Any CPU.Build.0 = Release|Any CPU
	EndGlobalSection
	GlobalSection(SolutionProperties) = preSolution
		HideSolutionNode = FALSE
	EndGlobalSection
EndGlobal
